
Microsoft Visual Studio Solution File, Format Version 12.00
# Visual Studio Express 2012 for Windows Desktop
Project("{FAE04EC0-301F-11D3-BF4B-00C04F79EFBC}") = "TipCalculator", "TipCalculator\TipCalculator.csproj", "{072D7014-7E0D-48EF-A718-70237F358036}"
EndProject
Global
	GlobalSection(SolutionConfigurationPlatforms) = preSolution
		Debug|Any CPU = Debug|Any CPU
		Release|Any CPU = Release|Any CPU
	EndGlobalSection
	GlobalSection(ProjectConfigurationPlatforms) = postSolution
		{072D7014-7E0D-48EF-A718-70237F358036}.Debug|Any CPU.ActiveCfg = Debug|Any CPU
		{072D7014-7E0D-48EF-A718-70237F358036}.Debug|Any CPU.Build.0 = Debug|Any CPU
		{072D7014-7E0D-48EF-A718-70237F358036}.Release|Any CPU.ActiveCfg = Release|Any CPU
		{072D7014-7E0D-48EF-A718-70237F358036}.Release|Any CPU.Build.0 = Release|Any CPU
	EndGlobalSection
	GlobalSection(SolutionProperties) = preSolution
		HideSolutionNode = FALSE
	EndGlobalSection
EndGlobal
